
Microsoft Visual Studio Solution File, Format Version 12.00
# Visual Studio Version 16
VisualStudioVersion = 16.0.30406.217
MinimumVisualStudioVersion = 10.0.40219.1
Project("{2150E333-8FDC-42A3-9474-1A3956D46DE8}") = "BehavioralPatterns", "BehavioralPatterns", "{C2AA062F-93BF-4EA6-BE6B-3E1F0CD2BD5F}"
EndProject
Project("{2150E333-8FDC-42A3-9474-1A3956D46DE8}") = "ObserverPattern", "ObserverPattern", "{9421E53C-1453-4DE9-B202-D6F6C0169A29}"
EndProject
Project("{9A19103F-16F7-4668-BE54-9A1E7A4F7556}") = "ObserverPattern.New", "BehavioralPatterns\ObserverPattern\ObserverPattern.New\ObserverPattern.New.csproj", "{4A9ED6CC-C41C-4DC8-B0C5-5B9A6F626336}"
EndProject
Project("{9A19103F-16F7-4668-BE54-9A1E7A4F7556}") = "ObserverPattern.Old", "BehavioralPatterns\ObserverPattern\ObserverPattern.Old\ObserverPattern.Old.csproj", "{9A902459-D77A-4C9F-81A0-34AB2AF36B80}"
EndProject
Project("{2150E333-8FDC-42A3-9474-1A3956D46DE8}") = "CreationalPatterns", "CreationalPatterns", "{F0E81811-0B08-4C70-90A1-FDBBE01CC27E}"
EndProject
Project("{9A19103F-16F7-4668-BE54-9A1E7A4F7556}") = "SingletonPattern", "CreationalPatterns\SingletonPattern\SingletonPattern.csproj", "{491FC486-0AEA-40E9-8FF2-BA926AF9E6E0}"
EndProject
Project("{2150E333-8FDC-42A3-9474-1A3956D46DE8}") = "StructuralPatterns", "StructuralPatterns", "{FFEC415B-B5E5-44B5-8874-CF416DAE6924}"
EndProject
Project("{9A19103F-16F7-4668-BE54-9A1E7A4F7556}") = "DecoratorPattern", "StructuralPatterns\DecoratorPattern\DecoratorPattern.csproj", "{0B1A0BF6-A30B-4676-A6E2-E35BE2508169}"
EndProject
Project("{9A19103F-16F7-4668-BE54-9A1E7A4F7556}") = "StrategyPattern", "BehavioralPatterns\StrategyPattern\StrategyPattern.csproj", "{9C7BDC8B-143F-4FE5-91C9-D99C96428C72}"
EndProject
Project("{9A19103F-16F7-4668-BE54-9A1E7A4F7556}") = "BuilderPattern", "CreationalPatterns\BuilderPattern\BuilderPattern.csproj", "{5026FD4D-37BD-4B70-9322-871302EB92CD}"
EndProject
Project("{FAE04EC0-301F-11D3-BF4B-00C04F79EFBC}") = "FactoryMethod", "CreationalPatterns\FactoryMethod\FactoryMethod.csproj", "{A0970B87-53EA-4DFD-83BE-41570D10CF28}"
EndProject
Global
	GlobalSection(SolutionConfigurationPlatforms) = preSolution
		Debug|Any CPU = Debug|Any CPU
		Release|Any CPU = Release|Any CPU
	EndGlobalSection
	GlobalSection(ProjectConfigurationPlatforms) = postSolution
		{4A9ED6CC-C41C-4DC8-B0C5-5B9A6F626336}.Debug|Any CPU.ActiveCfg = Debug|Any CPU
		{4A9ED6CC-C41C-4DC8-B0C5-5B9A6F626336}.Debug|Any CPU.Build.0 = Debug|Any CPU
		{4A9ED6CC-C41C-4DC8-B0C5-5B9A6F626336}.Release|Any CPU.ActiveCfg = Release|Any CPU
		{4A9ED6CC-C41C-4DC8-B0C5-5B9A6F626336}.Release|Any CPU.Build.0 = Release|Any CPU
		{9A902459-D77A-4C9F-81A0-34AB2AF36B80}.Debug|Any CPU.ActiveCfg = Debug|Any CPU
		{9A902459-D77A-4C9F-81A0-34AB2AF36B80}.Debug|Any CPU.Build.0 = Debug|Any CPU
		{9A902459-D77A-4C9F-81A0-34AB2AF36B80}.Release|Any CPU.ActiveCfg = Release|Any CPU
		{9A902459-D77A-4C9F-81A0-34AB2AF36B80}.Release|Any CPU.Build.0 = Release|Any CPU
		{491FC486-0AEA-40E9-8FF2-BA926AF9E6E0}.Debug|Any CPU.ActiveCfg = Debug|Any CPU
		{491FC486-0AEA-40E9-8FF2-BA926AF9E6E0}.Debug|Any CPU.Build.0 = Debug|Any CPU
		{491FC486-0AEA-40E9-8FF2-BA926AF9E6E0}.Release|Any CPU.ActiveCfg = Release|Any CPU
		{491FC486-0AEA-40E9-8FF2-BA926AF9E6E0}.Release|Any CPU.Build.0 = Release|Any CPU
		{0B1A0BF6-A30B-4676-A6E2-E35BE2508169}.Debug|Any CPU.ActiveCfg = Debug|Any CPU
		{0B1A0BF6-A30B-4676-A6E2-E35BE2508169}.Debug|Any CPU.Build.0 = Debug|Any CPU
		{0B1A0BF6-A30B-4676-A6E2-E35BE2508169}.Release|Any CPU.ActiveCfg = Release|Any CPU
		{0B1A0BF6-A30B-4676-A6E2-E35BE2508169}.Release|Any CPU.Build.0 = Release|Any CPU
		{9C7BDC8B-143F-4FE5-91C9-D99C96428C72}.Debug|Any CPU.ActiveCfg = Debug|Any CPU
		{9C7BDC8B-143F-4FE5-91C9-D99C96428C72}.Debug|Any CPU.Build.0 = Debug|Any CPU
		{9C7BDC8B-143F-4FE5-91C9-D99C96428C72}.Release|Any CPU.ActiveCfg = Release|Any CPU
		{9C7BDC8B-143F-4FE5-91C9-D99C96428C72}.Release|Any CPU.Build.0 = Release|Any CPU
		{5026FD4D-37BD-4B70-9322-871302EB92CD}.Debug|Any CPU.ActiveCfg = Debug|Any CPU
		{5026FD4D-37BD-4B70-9322-871302EB92CD}.Debug|Any CPU.Build.0 = Debug|Any CPU
		{5026FD4D-37BD-4B70-9322-871302EB92CD}.Release|Any CPU.ActiveCfg = Release|Any CPU
		{5026FD4D-37BD-4B70-9322-871302EB92CD}.Release|Any CPU.Build.0 = Release|Any CPU
		{A0970B87-53EA-4DFD-83BE-41570D10CF28}.Debug|Any CPU.ActiveCfg = Debug|Any CPU
		{A0970B87-53EA-4DFD-83BE-41570D10CF28}.Debug|Any CPU.Build.0 = Debug|Any CPU
		{A0970B87-53EA-4DFD-83BE-41570D10CF28}.Release|Any CPU.ActiveCfg = Release|Any CPU
		{A0970B87-53EA-4DFD-83BE-41570D10CF28}.Release|Any CPU.Build.0 = Release|Any CPU
	EndGlobalSection
	GlobalSection(SolutionProperties) = preSolution
		HideSolutionNode = FALSE
	EndGlobalSection
	GlobalSection(NestedProjects) = preSolution
		{9421E53C-1453-4DE9-B202-D6F6C0169A29} = {C2AA062F-93BF-4EA6-BE6B-3E1F0CD2BD5F}
		{4A9ED6CC-C41C-4DC8-B0C5-5B9A6F626336} = {9421E53C-1453-4DE9-B202-D6F6C0169A29}
		{9A902459-D77A-4C9F-81A0-34AB2AF36B80} = {9421E53C-1453-4DE9-B202-D6F6C0169A29}
		{491FC486-0AEA-40E9-8FF2-BA926AF9E6E0} = {F0E81811-0B08-4C70-90A1-FDBBE01CC27E}
		{0B1A0BF6-A30B-4676-A6E2-E35BE2508169} = {FFEC415B-B5E5-44B5-8874-CF416DAE6924}
		{9C7BDC8B-143F-4FE5-91C9-D99C96428C72} = {C2AA062F-93BF-4EA6-BE6B-3E1F0CD2BD5F}
		{5026FD4D-37BD-4B70-9322-871302EB92CD} = {F0E81811-0B08-4C70-90A1-FDBBE01CC27E}
		{A0970B87-53EA-4DFD-83BE-41570D10CF28} = {F0E81811-0B08-4C70-90A1-FDBBE01CC27E}
	EndGlobalSection
	GlobalSection(ExtensibilityGlobals) = postSolution
		SolutionGuid = {E409CB91-FF75-4CBB-9031-2A57AEA9E093}
	EndGlobalSection
EndGlobal
