
Microsoft Visual Studio Solution File, Format Version 12.00
# Visual Studio 15
Project("{FAE04EC0-301F-11D3-BF4B-00C04F79EFBC}") = "StrategyPattern", "StrategyPattern\StrategyPattern.csproj", "{5EDC5656-3729-47A9-B80B-5F4C64554AA0}"
EndProject
Project("{2150E333-8FDC-42A3-9474-1A3956D46DE8}") = "BehavioralPatterns", "BehavioralPatterns", "{C2AA062F-93BF-4EA6-BE6B-3E1F0CD2BD5F}"
EndProject
Project("{2150E333-8FDC-42A3-9474-1A3956D46DE8}") = "ObserverPattern", "ObserverPattern", "{9421E53C-1453-4DE9-B202-D6F6C0169A29}"
EndProject
Project("{FAE04EC0-301F-11D3-BF4B-00C04F79EFBC}") = "ObserverPattern.New", "ObserverPattern\ObserverPattern.New\ObserverPattern.New.csproj", "{4A9ED6CC-C41C-4DC8-B0C5-5B9A6F626336}"
EndProject
Project("{FAE04EC0-301F-11D3-BF4B-00C04F79EFBC}") = "ObserverPattern.Old", "ObserverPattern\ObserverPattern.Old\ObserverPattern.Old.csproj", "{9A902459-D77A-4C9F-81A0-34AB2AF36B80}"
EndProject
Project("{2150E333-8FDC-42A3-9474-1A3956D46DE8}") = "CreationalPatterns", "CreationalPatterns", "{F0E81811-0B08-4C70-90A1-FDBBE01CC27E}"
EndProject
Project("{FAE04EC0-301F-11D3-BF4B-00C04F79EFBC}") = "SingletonPattern", "CreationalPatterns\SingletonPattern\SingletonPattern.csproj", "{491FC486-0AEA-40E9-8FF2-BA926AF9E6E0}"
EndProject
Global
	GlobalSection(SolutionConfigurationPlatforms) = preSolution
		Debug|Any CPU = Debug|Any CPU
		Release|Any CPU = Release|Any CPU
	EndGlobalSection
	GlobalSection(ProjectConfigurationPlatforms) = postSolution
		{5EDC5656-3729-47A9-B80B-5F4C64554AA0}.Debug|Any CPU.ActiveCfg = Debug|Any CPU
		{5EDC5656-3729-47A9-B80B-5F4C64554AA0}.Debug|Any CPU.Build.0 = Debug|Any CPU
		{5EDC5656-3729-47A9-B80B-5F4C64554AA0}.Release|Any CPU.ActiveCfg = Release|Any CPU
		{5EDC5656-3729-47A9-B80B-5F4C64554AA0}.Release|Any CPU.Build.0 = Release|Any CPU
		{4A9ED6CC-C41C-4DC8-B0C5-5B9A6F626336}.Debug|Any CPU.ActiveCfg = Debug|Any CPU
		{4A9ED6CC-C41C-4DC8-B0C5-5B9A6F626336}.Debug|Any CPU.Build.0 = Debug|Any CPU
		{4A9ED6CC-C41C-4DC8-B0C5-5B9A6F626336}.Release|Any CPU.ActiveCfg = Release|Any CPU
		{4A9ED6CC-C41C-4DC8-B0C5-5B9A6F626336}.Release|Any CPU.Build.0 = Release|Any CPU
		{9A902459-D77A-4C9F-81A0-34AB2AF36B80}.Debug|Any CPU.ActiveCfg = Debug|Any CPU
		{9A902459-D77A-4C9F-81A0-34AB2AF36B80}.Debug|Any CPU.Build.0 = Debug|Any CPU
		{9A902459-D77A-4C9F-81A0-34AB2AF36B80}.Release|Any CPU.ActiveCfg = Release|Any CPU
		{9A902459-D77A-4C9F-81A0-34AB2AF36B80}.Release|Any CPU.Build.0 = Release|Any CPU
		{491FC486-0AEA-40E9-8FF2-BA926AF9E6E0}.Debug|Any CPU.ActiveCfg = Debug|Any CPU
		{491FC486-0AEA-40E9-8FF2-BA926AF9E6E0}.Debug|Any CPU.Build.0 = Debug|Any CPU
		{491FC486-0AEA-40E9-8FF2-BA926AF9E6E0}.Release|Any CPU.ActiveCfg = Release|Any CPU
		{491FC486-0AEA-40E9-8FF2-BA926AF9E6E0}.Release|Any CPU.Build.0 = Release|Any CPU
	EndGlobalSection
	GlobalSection(NestedProjects) = preSolution
		{5EDC5656-3729-47A9-B80B-5F4C64554AA0} = {C2AA062F-93BF-4EA6-BE6B-3E1F0CD2BD5F}
		{9421E53C-1453-4DE9-B202-D6F6C0169A29} = {C2AA062F-93BF-4EA6-BE6B-3E1F0CD2BD5F}
		{4A9ED6CC-C41C-4DC8-B0C5-5B9A6F626336} = {9421E53C-1453-4DE9-B202-D6F6C0169A29}
		{9A902459-D77A-4C9F-81A0-34AB2AF36B80} = {9421E53C-1453-4DE9-B202-D6F6C0169A29}
		{491FC486-0AEA-40E9-8FF2-BA926AF9E6E0} = {F0E81811-0B08-4C70-90A1-FDBBE01CC27E}
	EndGlobalSection
EndGlobal
